
Microsoft Visual Studio Solution File, Format Version 12.00
# Visual Studio Version 17
VisualStudioVersion = 17.0.32014.148
MinimumVisualStudioVersion = 10.0.40219.1
Project("{9A19103F-16F7-4668-BE54-9A1E7A4F7556}") = "WebApiPelicula", "WebApiPelicula\WebApiPelicula.csproj", "{3CDB194A-AA00-480E-90A3-67ABF625F568}"
EndProject
Project("{FAE04EC0-301F-11D3-BF4B-00C04F79EFBC}") = "PeliculasAPI.Tests", "PeliculasAPI.Tests\PeliculasAPI.Tests.csproj", "{BF99CB1C-0BDB-48C9-889F-32A885D2BB7D}"
EndProject
Global
	GlobalSection(SolutionConfigurationPlatforms) = preSolution
		Debug|Any CPU = Debug|Any CPU
		Release|Any CPU = Release|Any CPU
	EndGlobalSection
	GlobalSection(ProjectConfigurationPlatforms) = postSolution
		{3CDB194A-AA00-480E-90A3-67ABF625F568}.Debug|Any CPU.ActiveCfg = Debug|Any CPU
		{3CDB194A-AA00-480E-90A3-67ABF625F568}.Debug|Any CPU.Build.0 = Debug|Any CPU
		{3CDB194A-AA00-480E-90A3-67ABF625F568}.Release|Any CPU.ActiveCfg = Release|Any CPU
		{3CDB194A-AA00-480E-90A3-67ABF625F568}.Release|Any CPU.Build.0 = Release|Any CPU
		{BF99CB1C-0BDB-48C9-889F-32A885D2BB7D}.Debug|Any CPU.ActiveCfg = Debug|Any CPU
		{BF99CB1C-0BDB-48C9-889F-32A885D2BB7D}.Debug|Any CPU.Build.0 = Debug|Any CPU
		{BF99CB1C-0BDB-48C9-889F-32A885D2BB7D}.Release|Any CPU.ActiveCfg = Release|Any CPU
		{BF99CB1C-0BDB-48C9-889F-32A885D2BB7D}.Release|Any CPU.Build.0 = Release|Any CPU
	EndGlobalSection
	GlobalSection(SolutionProperties) = preSolution
		HideSolutionNode = FALSE
	EndGlobalSection
	GlobalSection(ExtensibilityGlobals) = postSolution
		SolutionGuid = {23F8B862-47C4-4F0B-AD0C-7B83DE27DF52}
	EndGlobalSection
EndGlobal
